// !$*UTF8*$!
{
	archiveVersion = 1;
	classes = {
	};
	objectVersion = 46;
	objects = {

/* Begin PBXBuildFile section */
		7F4C478918FC1A5F009992B2 /* Foundation.framework in Frameworks */ = {isa = PBXBuildFile; fileRef = 7F4C478818FC1A5F009992B2 /* Foundation.framework */; };
		7F4C478B18FC1A5F009992B2 /* CoreGraphics.framework in Frameworks */ = {isa = PBXBuildFile; fileRef = 7F4C478A18FC1A5F009992B2 /* CoreGraphics.framework */; };
		7F4C478D18FC1A5F009992B2 /* UIKit.framework in Frameworks */ = {isa = PBXBuildFile; fileRef = 7F4C478C18FC1A5F009992B2 /* UIKit.framework */; };
		7F4C479318FC1A5F009992B2 /* InfoPlist.strings in Resources */ = {isa = PBXBuildFile; fileRef = 7F4C479118FC1A5F009992B2 /* InfoPlist.strings */; };
		7F4C479518FC1A5F009992B2 /* main.m in Sources */ = {isa = PBXBuildFile; fileRef = 7F4C479418FC1A5F009992B2 /* main.m */; };
		7F4C479918FC1A5F009992B2 /* ssAppDelegate.m in Sources */ = {isa = PBXBuildFile; fileRef = 7F4C479818FC1A5F009992B2 /* ssAppDelegate.m */; };
		7F4C479C18FC1A5F009992B2 /* Main.storyboard in Resources */ = {isa = PBXBuildFile; fileRef = 7F4C479A18FC1A5F009992B2 /* Main.storyboard */; };
		7F4C479F18FC1A5F009992B2 /* ssViewController.m in Sources */ = {isa = PBXBuildFile; fileRef = 7F4C479E18FC1A5F009992B2 /* ssViewController.m */; };
		7F4C47A118FC1A5F009992B2 /* Images.xcassets in Resources */ = {isa = PBXBuildFile; fileRef = 7F4C47A018FC1A5F009992B2 /* Images.xcassets */; };
		7F4C47A818FC1A60009992B2 /* XCTest.framework in Frameworks */ = {isa = PBXBuildFile; fileRef = 7F4C47A718FC1A60009992B2 /* XCTest.framework */; };
		7F4C47A918FC1A60009992B2 /* Foundation.framework in Frameworks */ = {isa = PBXBuildFile; fileRef = 7F4C478818FC1A5F009992B2 /* Foundation.framework */; };
		7F4C47AA18FC1A60009992B2 /* UIKit.framework in Frameworks */ = {isa = PBXBuildFile; fileRef = 7F4C478C18FC1A5F009992B2 /* UIKit.framework */; };
		7F4C47B218FC1A60009992B2 /* InfoPlist.strings in Resources */ = {isa = PBXBuildFile; fileRef = 7F4C47B018FC1A60009992B2 /* InfoPlist.strings */; };
		7F4C47B418FC1A60009992B2 /* Pirate_AdventureTests.m in Sources */ = {isa = PBXBuildFile; fileRef = 7F4C47B318FC1A60009992B2 /* Pirate_AdventureTests.m */; };
		7F4C47BF18FC1D0B009992B2 /* SSTileModel.m in Sources */ = {isa = PBXBuildFile; fileRef = 7F4C47BE18FC1D0B009992B2 /* SSTileModel.m */; };
		7F4C47C218FC2328009992B2 /* SSCharacter.m in Sources */ = {isa = PBXBuildFile; fileRef = 7F4C47C118FC2328009992B2 /* SSCharacter.m */; };
		7F4C47C518FC234E009992B2 /* SSArmor.m in Sources */ = {isa = PBXBuildFile; fileRef = 7F4C47C418FC234E009992B2 /* SSArmor.m */; };
		7F4C47C818FC2360009992B2 /* SSWeapon.m in Sources */ = {isa = PBXBuildFile; fileRef = 7F4C47C718FC2360009992B2 /* SSWeapon.m */; };
		7F4C47CB18FC2C31009992B2 /* SSBoss.m in Sources */ = {isa = PBXBuildFile; fileRef = 7F4C47CA18FC2C31009992B2 /* SSBoss.m */; };
		7FBBF15A1903B2D800CCD619 /* PirateAttack.jpg in Resources */ = {isa = PBXBuildFile; fileRef = 7FBBF14E1903B2D800CCD619 /* PirateAttack.jpg */; };
		7FBBF15B1903B2D800CCD619 /* PirateBlacksmith.jpeg in Resources */ = {isa = PBXBuildFile; fileRef = 7FBBF14F1903B2D800CCD619 /* PirateBlacksmith.jpeg */; };
		7FBBF15C1903B2D800CCD619 /* PirateBoss.jpeg in Resources */ = {isa = PBXBuildFile; fileRef = 7FBBF1501903B2D800CCD619 /* PirateBoss.jpeg */; };
		7FBBF15D1903B2D800CCD619 /* PirateFriendlyDock.jpg in Resources */ = {isa = PBXBuildFile; fileRef = 7FBBF1511903B2D800CCD619 /* PirateFriendlyDock.jpg */; };
		7FBBF15E1903B2D800CCD619 /* PirateOctopusAttack.jpg in Resources */ = {isa = PBXBuildFile; fileRef = 7FBBF1521903B2D800CCD619 /* PirateOctopusAttack.jpg */; };
		7FBBF15F1903B2D800CCD619 /* PirateParrot.jpg in Resources */ = {isa = PBXBuildFile; fileRef = 7FBBF1531903B2D800CCD619 /* PirateParrot.jpg */; };
		7FBBF1601903B2D800CCD619 /* PiratePlank.jpg in Resources */ = {isa = PBXBuildFile; fileRef = 7FBBF1541903B2D800CCD619 /* PiratePlank.jpg */; };
		7FBBF1611903B2D800CCD619 /* PirateShipBattle.jpeg in Resources */ = {isa = PBXBuildFile; fileRef = 7FBBF1551903B2D800CCD619 /* PirateShipBattle.jpeg */; };
		7FBBF1621903B2D800CCD619 /* PirateStart.jpg in Resources */ = {isa = PBXBuildFile; fileRef = 7FBBF1561903B2D800CCD619 /* PirateStart.jpg */; };
		7FBBF1631903B2D800CCD619 /* PirateTreasure.jpeg in Resources */ = {isa = PBXBuildFile; fileRef = 7FBBF1571903B2D800CCD619 /* PirateTreasure.jpeg */; };
		7FBBF1641903B2D800CCD619 /* PirateTreasurer2.jpeg in Resources */ = {isa = PBXBuildFile; fileRef = 7FBBF1581903B2D800CCD619 /* PirateTreasurer2.jpeg */; };
		7FBBF1651903B2D800CCD619 /* PirateWeapons.jpeg in Resources */ = {isa = PBXBuildFile; fileRef = 7FBBF1591903B2D800CCD619 /* PirateWeapons.jpeg */; };
		7FE9895318FD533D0035FF3D /* SSFactory.m in Sources */ = {isa = PBXBuildFile; fileRef = 7FE9895218FD533D0035FF3D /* SSFactory.m */; };
/* End PBXBuildFile section */

/* Begin PBXContainerItemProxy section */
		7F4C47AB18FC1A60009992B2 /* PBXContainerItemProxy */ = {
			isa = PBXContainerItemProxy;
			containerPortal = 7F4C477D18FC1A5F009992B2 /* Project object */;
			proxyType = 1;
			remoteGlobalIDString = 7F4C478418FC1A5F009992B2;
			remoteInfo = "Pirate Adventure";
		};
/* End PBXContainerItemProxy section */

/* Begin PBXFileReference section */
		7F4C478518FC1A5F009992B2 /* Pirate Adventure.app */ = {isa = PBXFileReference; explicitFileType = wrapper.application; includeInIndex = 0; path = "Pirate Adventure.app"; sourceTree = BUILT_PRODUCTS_DIR; };
		7F4C478818FC1A5F009992B2 /* Foundation.framework */ = {isa = PBXFileReference; lastKnownFileType = wrapper.framework; name = Foundation.framework; path = System/Library/Frameworks/Foundation.framework; sourceTree = SDKROOT; };
		7F4C478A18FC1A5F009992B2 /* CoreGraphics.framework */ = {isa = PBXFileReference; lastKnownFileType = wrapper.framework; name = CoreGraphics.framework; path = System/Library/Frameworks/CoreGraphics.framework; sourceTree = SDKROOT; };
		7F4C478C18FC1A5F009992B2 /* UIKit.framework */ = {isa = PBXFileReference; lastKnownFileType = wrapper.framework; name = UIKit.framework; path = System/Library/Frameworks/UIKit.framework; sourceTree = SDKROOT; };
		7F4C479018FC1A5F009992B2 /* Pirate Adventure-Info.plist */ = {isa = PBXFileReference; lastKnownFileType = text.plist.xml; path = "Pirate Adventure-Info.plist"; sourceTree = "<group>"; };
		7F4C479218FC1A5F009992B2 /* en */ = {isa = PBXFileReference; lastKnownFileType = text.plist.strings; name = en; path = en.lproj/InfoPlist.strings; sourceTree = "<group>"; };
		7F4C479418FC1A5F009992B2 /* main.m */ = {isa = PBXFileReference; lastKnownFileType = sourcecode.c.objc; path = main.m; sourceTree = "<group>"; };
		7F4C479618FC1A5F009992B2 /* Pirate Adventure-Prefix.pch */ = {isa = PBXFileReference; lastKnownFileType = sourcecode.c.h; path = "Pirate Adventure-Prefix.pch"; sourceTree = "<group>"; };
		7F4C479718FC1A5F009992B2 /* ssAppDelegate.h */ = {isa = PBXFileReference; lastKnownFileType = sourcecode.c.h; path = ssAppDelegate.h; sourceTree = "<group>"; };
		7F4C479818FC1A5F009992B2 /* ssAppDelegate.m */ = {isa = PBXFileReference; lastKnownFileType = sourcecode.c.objc; path = ssAppDelegate.m; sourceTree = "<group>"; };
		7F4C479B18FC1A5F009992B2 /* Base */ = {isa = PBXFileReference; lastKnownFileType = file.storyboard; name = Base; path = Base.lproj/Main.storyboard; sourceTree = "<group>"; };
		7F4C479D18FC1A5F009992B2 /* ssViewController.h */ = {isa = PBXFileReference; lastKnownFileType = sourcecode.c.h; path = ssViewController.h; sourceTree = "<group>"; };
		7F4C479E18FC1A5F009992B2 /* ssViewController.m */ = {isa = PBXFileReference; lastKnownFileType = sourcecode.c.objc; path = ssViewController.m; sourceTree = "<group>"; };
		7F4C47A018FC1A5F009992B2 /* Images.xcassets */ = {isa = PBXFileReference; lastKnownFileType = folder.assetcatalog; path = Images.xcassets; sourceTree = "<group>"; };
		7F4C47A618FC1A60009992B2 /* Pirate AdventureTests.xctest */ = {isa = PBXFileReference; explicitFileType = wrapper.cfbundle; includeInIndex = 0; path = "Pirate AdventureTests.xctest"; sourceTree = BUILT_PRODUCTS_DIR; };
		7F4C47A718FC1A60009992B2 /* XCTest.framework */ = {isa = PBXFileReference; lastKnownFileType = wrapper.framework; name = XCTest.framework; path = Library/Frameworks/XCTest.framework; sourceTree = DEVELOPER_DIR; };
		7F4C47AF18FC1A60009992B2 /* Pirate AdventureTests-Info.plist */ = {isa = PBXFileReference; lastKnownFileType = text.plist.xml; path = "Pirate AdventureTests-Info.plist"; sourceTree = "<group>"; };
		7F4C47B118FC1A60009992B2 /* en */ = {isa = PBXFileReference; lastKnownFileType = text.plist.strings; name = en; path = en.lproj/InfoPlist.strings; sourceTree = "<group>"; };
		7F4C47B318FC1A60009992B2 /* Pirate_AdventureTests.m */ = {isa = PBXFileReference; lastKnownFileType = sourcecode.c.objc; path = Pirate_AdventureTests.m; sourceTree = "<group>"; };
		7F4C47BD18FC1D0B009992B2 /* SSTileModel.h */ = {isa = PBXFileReference; fileEncoding = 4; lastKnownFileType = sourcecode.c.h; path = SSTileModel.h; sourceTree = "<group>"; };
		7F4C47BE18FC1D0B009992B2 /* SSTileModel.m */ = {isa = PBXFileReference; fileEncoding = 4; lastKnownFileType = sourcecode.c.objc; path = SSTileModel.m; sourceTree = "<group>"; };
		7F4C47C018FC2328009992B2 /* SSCharacter.h */ = {isa = PBXFileReference; fileEncoding = 4; lastKnownFileType = sourcecode.c.h; path = SSCharacter.h; sourceTree = "<group>"; };
		7F4C47C118FC2328009992B2 /* SSCharacter.m */ = {isa = PBXFileReference; fileEncoding = 4; lastKnownFileType = sourcecode.c.objc; path = SSCharacter.m; sourceTree = "<group>"; };
		7F4C47C318FC234E009992B2 /* SSArmor.h */ = {isa = PBXFileReference; fileEncoding = 4; lastKnownFileType = sourcecode.c.h; path = SSArmor.h; sourceTree = "<group>"; };
		7F4C47C418FC234E009992B2 /* SSArmor.m */ = {isa = PBXFileReference; fileEncoding = 4; lastKnownFileType = sourcecode.c.objc; path = SSArmor.m; sourceTree = "<group>"; };
		7F4C47C618FC2360009992B2 /* SSWeapon.h */ = {isa = PBXFileReference; fileEncoding = 4; lastKnownFileType = sourcecode.c.h; path = SSWeapon.h; sourceTree = "<group>"; };
		7F4C47C718FC2360009992B2 /* SSWeapon.m */ = {isa = PBXFileReference; fileEncoding = 4; lastKnownFileType = sourcecode.c.objc; path = SSWeapon.m; sourceTree = "<group>"; };
		7F4C47C918FC2C31009992B2 /* SSBoss.h */ = {isa = PBXFileReference; fileEncoding = 4; lastKnownFileType = sourcecode.c.h; path = SSBoss.h; sourceTree = "<group>"; };
		7F4C47CA18FC2C31009992B2 /* SSBoss.m */ = {isa = PBXFileReference; fileEncoding = 4; lastKnownFileType = sourcecode.c.objc; path = SSBoss.m; sourceTree = "<group>"; };
		7FBBF14E1903B2D800CCD619 /* PirateAttack.jpg */ = {isa = PBXFileReference; lastKnownFileType = image.jpeg; path = PirateAttack.jpg; sourceTree = "<group>"; };
		7FBBF14F1903B2D800CCD619 /* PirateBlacksmith.jpeg */ = {isa = PBXFileReference; lastKnownFileType = image.jpeg; path = PirateBlacksmith.jpeg; sourceTree = "<group>"; };
		7FBBF1501903B2D800CCD619 /* PirateBoss.jpeg */ = {isa = PBXFileReference; lastKnownFileType = image.jpeg; path = PirateBoss.jpeg; sourceTree = "<group>"; };
		7FBBF1511903B2D800CCD619 /* PirateFriendlyDock.jpg */ = {isa = PBXFileReference; lastKnownFileType = image.jpeg; path = PirateFriendlyDock.jpg; sourceTree = "<group>"; };
		7FBBF1521903B2D800CCD619 /* PirateOctopusAttack.jpg */ = {isa = PBXFileReference; lastKnownFileType = image.jpeg; path = PirateOctopusAttack.jpg; sourceTree = "<group>"; };
		7FBBF1531903B2D800CCD619 /* PirateParrot.jpg */ = {isa = PBXFileReference; lastKnownFileType = image.jpeg; path = PirateParrot.jpg; sourceTree = "<group>"; };
		7FBBF1541903B2D800CCD619 /* PiratePlank.jpg */ = {isa = PBXFileReference; lastKnownFileType = image.jpeg; path = PiratePlank.jpg; sourceTree = "<group>"; };
		7FBBF1551903B2D800CCD619 /* PirateShipBattle.jpeg */ = {isa = PBXFileReference; lastKnownFileType = image.jpeg; path = PirateShipBattle.jpeg; sourceTree = "<group>"; };
		7FBBF1561903B2D800CCD619 /* PirateStart.jpg */ = {isa = PBXFileReference; lastKnownFileType = image.jpeg; path = PirateStart.jpg; sourceTree = "<group>"; };
		7FBBF1571903B2D800CCD619 /* PirateTreasure.jpeg */ = {isa = PBXFileReference; lastKnownFileType = image.jpeg; path = PirateTreasure.jpeg; sourceTree = "<group>"; };
		7FBBF1581903B2D800CCD619 /* PirateTreasurer2.jpeg */ = {isa = PBXFileReference; lastKnownFileType = image.jpeg; path = PirateTreasurer2.jpeg; sourceTree = "<group>"; };
		7FBBF1591903B2D800CCD619 /* PirateWeapons.jpeg */ = {isa = PBXFileReference; lastKnownFileType = image.jpeg; path = PirateWeapons.jpeg; sourceTree = "<group>"; };
		7FE9895118FD533D0035FF3D /* SSFactory.h */ = {isa = PBXFileReference; fileEncoding = 4; lastKnownFileType = sourcecode.c.h; path = SSFactory.h; sourceTree = "<group>"; };
		7FE9895218FD533D0035FF3D /* SSFactory.m */ = {isa = PBXFileReference; fileEncoding = 4; lastKnownFileType = sourcecode.c.objc; path = SSFactory.m; sourceTree = "<group>"; };
/* End PBXFileReference section */

/* Begin PBXFrameworksBuildPhase section */
		7F4C478218FC1A5F009992B2 /* Frameworks */ = {
			isa = PBXFrameworksBuildPhase;
			buildActionMask = 2147483647;
			files = (
				7F4C478B18FC1A5F009992B2 /* CoreGraphics.framework in Frameworks */,
				7F4C478D18FC1A5F009992B2 /* UIKit.framework in Frameworks */,
				7F4C478918FC1A5F009992B2 /* Foundation.framework in Frameworks */,
			);
			runOnlyForDeploymentPostprocessing = 0;
		};
		7F4C47A318FC1A60009992B2 /* Frameworks */ = {
			isa = PBXFrameworksBuildPhase;
			buildActionMask = 2147483647;
			files = (
				7F4C47A818FC1A60009992B2 /* XCTest.framework in Frameworks */,
				7F4C47AA18FC1A60009992B2 /* UIKit.framework in Frameworks */,
				7F4C47A918FC1A60009992B2 /* Foundation.framework in Frameworks */,
			);
			runOnlyForDeploymentPostprocessing = 0;
		};
/* End PBXFrameworksBuildPhase section */

/* Begin PBXGroup section */
		7F4C477C18FC1A5F009992B2 = {
			isa = PBXGroup;
			children = (
				7F4C478E18FC1A5F009992B2 /* Pirate Adventure */,
				7F4C47AD18FC1A60009992B2 /* Pirate AdventureTests */,
				7F4C478718FC1A5F009992B2 /* Frameworks */,
				7F4C478618FC1A5F009992B2 /* Products */,
			);
			sourceTree = "<group>";
		};
		7F4C478618FC1A5F009992B2 /* Products */ = {
			isa = PBXGroup;
			children = (
				7F4C478518FC1A5F009992B2 /* Pirate Adventure.app */,
				7F4C47A618FC1A60009992B2 /* Pirate AdventureTests.xctest */,
			);
			name = Products;
			sourceTree = "<group>";
		};
		7F4C478718FC1A5F009992B2 /* Frameworks */ = {
			isa = PBXGroup;
			children = (
				7F4C478818FC1A5F009992B2 /* Foundation.framework */,
				7F4C478A18FC1A5F009992B2 /* CoreGraphics.framework */,
				7F4C478C18FC1A5F009992B2 /* UIKit.framework */,
				7F4C47A718FC1A60009992B2 /* XCTest.framework */,
			);
			name = Frameworks;
			sourceTree = "<group>";
		};
		7F4C478E18FC1A5F009992B2 /* Pirate Adventure */ = {
			isa = PBXGroup;
			children = (
				7F4C479718FC1A5F009992B2 /* ssAppDelegate.h */,
				7F4C479818FC1A5F009992B2 /* ssAppDelegate.m */,
				7F4C479A18FC1A5F009992B2 /* Main.storyboard */,
				7F4C479D18FC1A5F009992B2 /* ssViewController.h */,
				7F4C479E18FC1A5F009992B2 /* ssViewController.m */,
				7FE9894F18FD51FD0035FF3D /* Model */,
				7F4C47A018FC1A5F009992B2 /* Images.xcassets */,
				7F4C478F18FC1A5F009992B2 /* Supporting Files */,
			);
			path = "Pirate Adventure";
			sourceTree = "<group>";
		};
		7F4C478F18FC1A5F009992B2 /* Supporting Files */ = {
			isa = PBXGroup;
			children = (
				7FBBF14D1903B29000CCD619 /* ImagesForBackground */,
				7F4C479018FC1A5F009992B2 /* Pirate Adventure-Info.plist */,
				7F4C479118FC1A5F009992B2 /* InfoPlist.strings */,
				7F4C479418FC1A5F009992B2 /* main.m */,
				7F4C479618FC1A5F009992B2 /* Pirate Adventure-Prefix.pch */,
			);
			name = "Supporting Files";
			sourceTree = "<group>";
		};
		7F4C47AD18FC1A60009992B2 /* Pirate AdventureTests */ = {
			isa = PBXGroup;
			children = (
				7F4C47B318FC1A60009992B2 /* Pirate_AdventureTests.m */,
				7F4C47AE18FC1A60009992B2 /* Supporting Files */,
			);
			path = "Pirate AdventureTests";
			sourceTree = "<group>";
		};
		7F4C47AE18FC1A60009992B2 /* Supporting Files */ = {
			isa = PBXGroup;
			children = (
				7F4C47AF18FC1A60009992B2 /* Pirate AdventureTests-Info.plist */,
				7F4C47B018FC1A60009992B2 /* InfoPlist.strings */,
			);
			name = "Supporting Files";
			sourceTree = "<group>";
		};
		7FBBF14D1903B29000CCD619 /* ImagesForBackground */ = {
			isa = PBXGroup;
			children = (
				7FBBF14E1903B2D800CCD619 /* PirateAttack.jpg */,
				7FBBF14F1903B2D800CCD619 /* PirateBlacksmith.jpeg */,
				7FBBF1501903B2D800CCD619 /* PirateBoss.jpeg */,
				7FBBF1511903B2D800CCD619 /* PirateFriendlyDock.jpg */,
				7FBBF1521903B2D800CCD619 /* PirateOctopusAttack.jpg */,
				7FBBF1531903B2D800CCD619 /* PirateParrot.jpg */,
				7FBBF1541903B2D800CCD619 /* PiratePlank.jpg */,
				7FBBF1551903B2D800CCD619 /* PirateShipBattle.jpeg */,
				7FBBF1561903B2D800CCD619 /* PirateStart.jpg */,
				7FBBF1571903B2D800CCD619 /* PirateTreasure.jpeg */,
				7FBBF1581903B2D800CCD619 /* PirateTreasurer2.jpeg */,
				7FBBF1591903B2D800CCD619 /* PirateWeapons.jpeg */,
			);
			name = ImagesForBackground;
			sourceTree = "<group>";
		};
		7FE9894F18FD51FD0035FF3D /* Model */ = {
			isa = PBXGroup;
			children = (
				7FE9895018FD53090035FF3D /* Factory */,
				7F4C47C018FC2328009992B2 /* SSCharacter.h */,
				7F4C47C118FC2328009992B2 /* SSCharacter.m */,
				7F4C47C318FC234E009992B2 /* SSArmor.h */,
				7F4C47C418FC234E009992B2 /* SSArmor.m */,
				7F4C47C618FC2360009992B2 /* SSWeapon.h */,
				7F4C47C718FC2360009992B2 /* SSWeapon.m */,
				7F4C47C918FC2C31009992B2 /* SSBoss.h */,
				7F4C47CA18FC2C31009992B2 /* SSBoss.m */,
				7F4C47BD18FC1D0B009992B2 /* SSTileModel.h */,
				7F4C47BE18FC1D0B009992B2 /* SSTileModel.m */,
			);
			name = Model;
			sourceTree = "<group>";
		};
		7FE9895018FD53090035FF3D /* Factory */ = {
			isa = PBXGroup;
			children = (
				7FE9895118FD533D0035FF3D /* SSFactory.h */,
				7FE9895218FD533D0035FF3D /* SSFactory.m */,
			);
			name = Factory;
			sourceTree = "<group>";
		};
/* End PBXGroup section */

/* Begin PBXNativeTarget section */
		7F4C478418FC1A5F009992B2 /* Pirate Adventure */ = {
			isa = PBXNativeTarget;
			buildConfigurationList = 7F4C47B718FC1A60009992B2 /* Build configuration list for PBXNativeTarget "Pirate Adventure" */;
			buildPhases = (
				7F4C478118FC1A5F009992B2 /* Sources */,
				7F4C478218FC1A5F009992B2 /* Frameworks */,
				7F4C478318FC1A5F009992B2 /* Resources */,
			);
			buildRules = (
			);
			dependencies = (
			);
			name = "Pirate Adventure";
			productName = "Pirate Adventure";
			productReference = 7F4C478518FC1A5F009992B2 /* Pirate Adventure.app */;
			productType = "com.apple.product-type.application";
		};
		7F4C47A518FC1A60009992B2 /* Pirate AdventureTests */ = {
			isa = PBXNativeTarget;
			buildConfigurationList = 7F4C47BA18FC1A60009992B2 /* Build configuration list for PBXNativeTarget "Pirate AdventureTests" */;
			buildPhases = (
				7F4C47A218FC1A60009992B2 /* Sources */,
				7F4C47A318FC1A60009992B2 /* Frameworks */,
				7F4C47A418FC1A60009992B2 /* Resources */,
			);
			buildRules = (
			);
			dependencies = (
				7F4C47AC18FC1A60009992B2 /* PBXTargetDependency */,
			);
			name = "Pirate AdventureTests";
			productName = "Pirate AdventureTests";
			productReference = 7F4C47A618FC1A60009992B2 /* Pirate AdventureTests.xctest */;
			productType = "com.apple.product-type.bundle.unit-test";
		};
/* End PBXNativeTarget section */

/* Begin PBXProject section */
		7F4C477D18FC1A5F009992B2 /* Project object */ = {
			isa = PBXProject;
			attributes = {
				CLASSPREFIX = ss;
				LastUpgradeCheck = 0510;
				ORGANIZATIONNAME = navaco;
				TargetAttributes = {
					7F4C47A518FC1A60009992B2 = {
						TestTargetID = 7F4C478418FC1A5F009992B2;
					};
				};
			};
			buildConfigurationList = 7F4C478018FC1A5F009992B2 /* Build configuration list for PBXProject "Pirate Adventure" */;
			compatibilityVersion = "Xcode 3.2";
			developmentRegion = English;
			hasScannedForEncodings = 0;
			knownRegions = (
				en,
				Base,
			);
			mainGroup = 7F4C477C18FC1A5F009992B2;
			productRefGroup = 7F4C478618FC1A5F009992B2 /* Products */;
			projectDirPath = "";
			projectRoot = "";
			targets = (
				7F4C478418FC1A5F009992B2 /* Pirate Adventure */,
				7F4C47A518FC1A60009992B2 /* Pirate AdventureTests */,
			);
		};
/* End PBXProject section */

/* Begin PBXResourcesBuildPhase section */
		7F4C478318FC1A5F009992B2 /* Resources */ = {
			isa = PBXResourcesBuildPhase;
			buildActionMask = 2147483647;
			files = (
				7FBBF15E1903B2D800CCD619 /* PirateOctopusAttack.jpg in Resources */,
				7FBBF1651903B2D800CCD619 /* PirateWeapons.jpeg in Resources */,
				7FBBF1601903B2D800CCD619 /* PiratePlank.jpg in Resources */,
				7FBBF1631903B2D800CCD619 /* PirateTreasure.jpeg in Resources */,
				7FBBF15D1903B2D800CCD619 /* PirateFriendlyDock.jpg in Resources */,
				7FBBF15A1903B2D800CCD619 /* PirateAttack.jpg in Resources */,
				7F4C47A118FC1A5F009992B2 /* Images.xcassets in Resources */,
				7F4C479318FC1A5F009992B2 /* InfoPlist.strings in Resources */,
				7F4C479C18FC1A5F009992B2 /* Main.storyboard in Resources */,
				7FBBF1611903B2D800CCD619 /* PirateShipBattle.jpeg in Resources */,
				7FBBF1641903B2D800CCD619 /* PirateTreasurer2.jpeg in Resources */,
				7FBBF15B1903B2D800CCD619 /* PirateBlacksmith.jpeg in Resources */,
				7FBBF1621903B2D800CCD619 /* PirateStart.jpg in Resources */,
				7FBBF15C1903B2D800CCD619 /* PirateBoss.jpeg in Resources */,
				7FBBF15F1903B2D800CCD619 /* PirateParrot.jpg in Resources */,
			);
			runOnlyForDeploymentPostprocessing = 0;
		};
		7F4C47A418FC1A60009992B2 /* Resources */ = {
			isa = PBXResourcesBuildPhase;
			buildActionMask = 2147483647;
			files = (
				7F4C47B218FC1A60009992B2 /* InfoPlist.strings in Resources */,
			);
			runOnlyForDeploymentPostprocessing = 0;
		};
/* End PBXResourcesBuildPhase section */

/* Begin PBXSourcesBuildPhase section */
		7F4C478118FC1A5F009992B2 /* Sources */ = {
			isa = PBXSourcesBuildPhase;
			buildActionMask = 2147483647;
			files = (
				7F4C47CB18FC2C31009992B2 /* SSBoss.m in Sources */,
				7F4C479F18FC1A5F009992B2 /* ssViewController.m in Sources */,
				7F4C479918FC1A5F009992B2 /* ssAppDelegate.m in Sources */,
				7F4C47C818FC2360009992B2 /* SSWeapon.m in Sources */,
				7F4C479518FC1A5F009992B2 /* main.m in Sources */,
				7F4C47C518FC234E009992B2 /* SSArmor.m in Sources */,
				7F4C47BF18FC1D0B009992B2 /* SSTileModel.m in Sources */,
				7FE9895318FD533D0035FF3D /* SSFactory.m in Sources */,
				7F4C47C218FC2328009992B2 /* SSCharacter.m in Sources */,
			);
			runOnlyForDeploymentPostprocessing = 0;
		};
		7F4C47A218FC1A60009992B2 /* Sources */ = {
			isa = PBXSourcesBuildPhase;
			buildActionMask = 2147483647;
			files = (
				7F4C47B418FC1A60009992B2 /* Pirate_AdventureTests.m in Sources */,
			);
			runOnlyForDeploymentPostprocessing = 0;
		};
/* End PBXSourcesBuildPhase section */

/* Begin PBXTargetDependency section */
		7F4C47AC18FC1A60009992B2 /* PBXTargetDependency */ = {
			isa = PBXTargetDependency;
			target = 7F4C478418FC1A5F009992B2 /* Pirate Adventure */;
			targetProxy = 7F4C47AB18FC1A60009992B2 /* PBXContainerItemProxy */;
		};
/* End PBXTargetDependency section */

/* Begin PBXVariantGroup section */
		7F4C479118FC1A5F009992B2 /* InfoPlist.strings */ = {
			isa = PBXVariantGroup;
			children = (
				7F4C479218FC1A5F009992B2 /* en */,
			);
			name = InfoPlist.strings;
			sourceTree = "<group>";
		};
		7F4C479A18FC1A5F009992B2 /* Main.storyboard */ = {
			isa = PBXVariantGroup;
			children = (
				7F4C479B18FC1A5F009992B2 /* Base */,
			);
			name = Main.storyboard;
			sourceTree = "<group>";
		};
		7F4C47B018FC1A60009992B2 /* InfoPlist.strings */ = {
			isa = PBXVariantGroup;
			children = (
				7F4C47B118FC1A60009992B2 /* en */,
			);
			name = InfoPlist.strings;
			sourceTree = "<group>";
		};
/* End PBXVariantGroup section */

/* Begin XCBuildConfiguration section */
		7F4C47B518FC1A60009992B2 /* Debug */ = {
			isa = XCBuildConfiguration;
			buildSettings = {
				ALWAYS_SEARCH_USER_PATHS = NO;
				CLANG_CXX_LANGUAGE_STANDARD = "gnu++0x";
				CLANG_CXX_LIBRARY = "libc++";
				CLANG_ENABLE_MODULES = YES;
				CLANG_ENABLE_OBJC_ARC = YES;
				CLANG_WARN_BOOL_CONVERSION = YES;
				CLANG_WARN_CONSTANT_CONVERSION = YES;
				CLANG_WARN_DIRECT_OBJC_ISA_USAGE = YES_ERROR;
				CLANG_WARN_EMPTY_BODY = YES;
				CLANG_WARN_ENUM_CONVERSION = YES;
				CLANG_WARN_INT_CONVERSION = YES;
				CLANG_WARN_OBJC_ROOT_CLASS = YES_ERROR;
				CLANG_WARN__DUPLICATE_METHOD_MATCH = YES;
				"CODE_SIGN_IDENTITY[sdk=iphoneos*]" = "iPhone Developer";
				COPY_PHASE_STRIP = NO;
				GCC_C_LANGUAGE_STANDARD = gnu99;
				GCC_DYNAMIC_NO_PIC = NO;
				GCC_OPTIMIZATION_LEVEL = 0;
				GCC_PREPROCESSOR_DEFINITIONS = (
					"DEBUG=1",
					"$(inherited)",
				);
				GCC_SYMBOLS_PRIVATE_EXTERN = NO;
				GCC_WARN_64_TO_32_BIT_CONVERSION = YES;
				GCC_WARN_ABOUT_RETURN_TYPE = YES_ERROR;
				GCC_WARN_UNDECLARED_SELECTOR = YES;
				GCC_WARN_UNINITIALIZED_AUTOS = YES_AGGRESSIVE;
				GCC_WARN_UNUSED_FUNCTION = YES;
				GCC_WARN_UNUSED_VARIABLE = YES;
				IPHONEOS_DEPLOYMENT_TARGET = 7.1;
				ONLY_ACTIVE_ARCH = YES;
				SDKROOT = iphoneos;
			};
			name = Debug;
		};
		7F4C47B618FC1A60009992B2 /* Release */ = {
			isa = XCBuildConfiguration;
			buildSettings = {
				ALWAYS_SEARCH_USER_PATHS = NO;
				CLANG_CXX_LANGUAGE_STANDARD = "gnu++0x";
				CLANG_CXX_LIBRARY = "libc++";
				CLANG_ENABLE_MODULES = YES;
				CLANG_ENABLE_OBJC_ARC = YES;
				CLANG_WARN_BOOL_CONVERSION = YES;
				CLANG_WARN_CONSTANT_CONVERSION = YES;
				CLANG_WARN_DIRECT_OBJC_ISA_USAGE = YES_ERROR;
				CLANG_WARN_EMPTY_BODY = YES;
				CLANG_WARN_ENUM_CONVERSION = YES;
				CLANG_WARN_INT_CONVERSION = YES;
				CLANG_WARN_OBJC_ROOT_CLASS = YES_ERROR;
				CLANG_WARN__DUPLICATE_METHOD_MATCH = YES;
				"CODE_SIGN_IDENTITY[sdk=iphoneos*]" = "iPhone Developer";
				COPY_PHASE_STRIP = YES;
				ENABLE_NS_ASSERTIONS = NO;
				GCC_C_LANGUAGE_STANDARD = gnu99;
				GCC_WARN_64_TO_32_BIT_CONVERSION = YES;
				GCC_WARN_ABOUT_RETURN_TYPE = YES_ERROR;
				GCC_WARN_UNDECLARED_SELECTOR = YES;
				GCC_WARN_UNINITIALIZED_AUTOS = YES_AGGRESSIVE;
				GCC_WARN_UNUSED_FUNCTION = YES;
				GCC_WARN_UNUSED_VARIABLE = YES;
				IPHONEOS_DEPLOYMENT_TARGET = 7.1;
				SDKROOT = iphoneos;
				VALIDATE_PRODUCT = YES;
			};
			name = Release;
		};
		7F4C47B818FC1A60009992B2 /* Debug */ = {
			isa = XCBuildConfiguration;
			buildSettings = {
				ASSETCATALOG_COMPILER_APPICON_NAME = AppIcon;
				ASSETCATALOG_COMPILER_LAUNCHIMAGE_NAME = LaunchImage;
				GCC_PRECOMPILE_PREFIX_HEADER = YES;
				GCC_PREFIX_HEADER = "Pirate Adventure/Pirate Adventure-Prefix.pch";
				INFOPLIST_FILE = "Pirate Adventure/Pirate Adventure-Info.plist";
				PRODUCT_NAME = "$(TARGET_NAME)";
				WRAPPER_EXTENSION = app;
			};
			name = Debug;
		};
		7F4C47B918FC1A60009992B2 /* Release */ = {
			isa = XCBuildConfiguration;
			buildSettings = {
				ASSETCATALOG_COMPILER_APPICON_NAME = AppIcon;
				ASSETCATALOG_COMPILER_LAUNCHIMAGE_NAME = LaunchImage;
				GCC_PRECOMPILE_PREFIX_HEADER = YES;
				GCC_PREFIX_HEADER = "Pirate Adventure/Pirate Adventure-Prefix.pch";
				INFOPLIST_FILE = "Pirate Adventure/Pirate Adventure-Info.plist";
				PRODUCT_NAME = "$(TARGET_NAME)";
				WRAPPER_EXTENSION = app;
			};
			name = Release;
		};
		7F4C47BB18FC1A60009992B2 /* Debug */ = {
			isa = XCBuildConfiguration;
			buildSettings = {
				BUNDLE_LOADER = "$(BUILT_PRODUCTS_DIR)/Pirate Adventure.app/Pirate Adventure";
				FRAMEWORK_SEARCH_PATHS = (
					"$(SDKROOT)/Developer/Library/Frameworks",
					"$(inherited)",
					"$(DEVELOPER_FRAMEWORKS_DIR)",
				);
				GCC_PRECOMPILE_PREFIX_HEADER = YES;
				GCC_PREFIX_HEADER = "Pirate Adventure/Pirate Adventure-Prefix.pch";
				GCC_PREPROCESSOR_DEFINITIONS = (
					"DEBUG=1",
					"$(inherited)",
				);
				INFOPLIST_FILE = "Pirate AdventureTests/Pirate AdventureTests-Info.plist";
				PRODUCT_NAME = "$(TARGET_NAME)";
				TEST_HOST = "$(BUNDLE_LOADER)";
				WRAPPER_EXTENSION = xctest;
			};
			name = Debug;
		};
		7F4C47BC18FC1A60009992B2 /* Release */ = {
			isa = XCBuildConfiguration;
			buildSettings = {
				BUNDLE_LOADER = "$(BUILT_PRODUCTS_DIR)/Pirate Adventure.app/Pirate Adventure";
				FRAMEWORK_SEARCH_PATHS = (
					"$(SDKROOT)/Developer/Library/Frameworks",
					"$(inherited)",
					"$(DEVELOPER_FRAMEWORKS_DIR)",
				);
				GCC_PRECOMPILE_PREFIX_HEADER = YES;
				GCC_PREFIX_HEADER = "Pirate Adventure/Pirate Adventure-Prefix.pch";
				INFOPLIST_FILE = "Pirate AdventureTests/Pirate AdventureTests-Info.plist";
				PRODUCT_NAME = "$(TARGET_NAME)";
				TEST_HOST = "$(BUNDLE_LOADER)";
				WRAPPER_EXTENSION = xctest;
			};
			name = Release;
		};
/* End XCBuildConfiguration section */

/* Begin XCConfigurationList section */
		7F4C478018FC1A5F009992B2 /* Build configuration list for PBXProject "Pirate Adventure" */ = {
			isa = XCConfigurationList;
			buildConfigurations = (
				7F4C47B518FC1A60009992B2 /* Debug */,
				7F4C47B618FC1A60009992B2 /* Release */,
			);
			defaultConfigurationIsVisible = 0;
			defaultConfigurationName = Release;
		};
		7F4C47B718FC1A60009992B2 /* Build configuration list for PBXNativeTarget "Pirate Adventure" */ = {
			isa = XCConfigurationList;
			buildConfigurations = (
				7F4C47B818FC1A60009992B2 /* Debug */,
				7F4C47B918FC1A60009992B2 /* Release */,
			);
			defaultConfigurationIsVisible = 0;
			defaultConfigurationName = Release;
		};
		7F4C47BA18FC1A60009992B2 /* Build configuration list for PBXNativeTarget "Pirate AdventureTests" */ = {
			isa = XCConfigurationList;
			buildConfigurations = (
				7F4C47BB18FC1A60009992B2 /* Debug */,
				7F4C47BC18FC1A60009992B2 /* Release */,
			);
			defaultConfigurationIsVisible = 0;
			defaultConfigurationName = Release;
		};
/* End XCConfigurationList section */
	};
	rootObject = 7F4C477D18FC1A5F009992B2 /* Project object */;
}
